
Microsoft Visual Studio Solution File, Format Version 12.00
# Visual Studio 15
VisualStudioVersion = 15.0.26730.12
MinimumVisualStudioVersion = 10.0.40219.1
Project("{FAE04EC0-301F-11D3-BF4B-00C04F79EFBC}") = "AthleteManagement", "AthleteManagement\AthleteManagement.csproj", "{B7283A31-24F0-419B-9E96-9F6661D5C847}"
EndProject
Global
	GlobalSection(SolutionConfigurationPlatforms) = preSolution
		Debug|Any CPU = Debug|Any CPU
		Release|Any CPU = Release|Any CPU
	EndGlobalSection
	GlobalSection(ProjectConfigurationPlatforms) = postSolution
		{B7283A31-24F0-419B-9E96-9F6661D5C847}.Debug|Any CPU.ActiveCfg = Debug|Any CPU
		{B7283A31-24F0-419B-9E96-9F6661D5C847}.Debug|Any CPU.Build.0 = Debug|Any CPU
		{B7283A31-24F0-419B-9E96-9F6661D5C847}.Release|Any CPU.ActiveCfg = Release|Any CPU
		{B7283A31-24F0-419B-9E96-9F6661D5C847}.Release|Any CPU.Build.0 = Release|Any CPU
	EndGlobalSection
	GlobalSection(SolutionProperties) = preSolution
		HideSolutionNode = FALSE
	EndGlobalSection
	GlobalSection(ExtensibilityGlobals) = postSolution
		SolutionGuid = {4EB2FBF3-A52B-4E96-9380-E9C1BD52CA73}
	EndGlobalSection
EndGlobal
